
Microsoft Visual Studio Solution File, Format Version 12.00
# Visual Studio Version 17
VisualStudioVersion = 17.8.34309.116
MinimumVisualStudioVersion = 10.0.40219.1
Project("{FAE04EC0-301F-11D3-BF4B-00C04F79EFBC}") = "Katameros", "Katameros.csproj", "{BAA2C547-AE16-4F68-9BEF-34578B0AF30A}"
EndProject
Global
	GlobalSection(SolutionConfigurationPlatforms) = preSolution
		Debug|Any CPU = Debug|Any CPU
		Release|Any CPU = Release|Any CPU
	EndGlobalSection
	GlobalSection(ProjectConfigurationPlatforms) = postSolution
		{BAA2C547-AE16-4F68-9BEF-34578B0AF30A}.Debug|Any CPU.ActiveCfg = Debug|Any CPU
		{BAA2C547-AE16-4F68-9BEF-34578B0AF30A}.Debug|Any CPU.Build.0 = Debug|Any CPU
		{BAA2C547-AE16-4F68-9BEF-34578B0AF30A}.Release|Any CPU.ActiveCfg = Release|Any CPU
		{BAA2C547-AE16-4F68-9BEF-34578B0AF30A}.Release|Any CPU.Build.0 = Release|Any CPU
	EndGlobalSection
	GlobalSection(SolutionProperties) = preSolution
		HideSolutionNode = FALSE
	EndGlobalSection
	GlobalSection(ExtensibilityGlobals) = postSolution
		SolutionGuid = {A1B5E9B9-29A8-4DF8-B049-BBA53DD1DC87}
	EndGlobalSection
EndGlobal
