
Microsoft Visual Studio Solution File, Format Version 12.00
# Visual Studio Version 16
VisualStudioVersion = 16.0.29926.136
MinimumVisualStudioVersion = 10.0.40219.1
Project("{9A19103F-16F7-4668-BE54-9A1E7A4F7556}") = "Katameros", "Katameros.csproj", "{39FB8812-F61F-4632-80D2-4F055BB46C03}"
EndProject
Global
	GlobalSection(SolutionConfigurationPlatforms) = preSolution
		Debug|Any CPU = Debug|Any CPU
		Release|Any CPU = Release|Any CPU
	EndGlobalSection
	GlobalSection(ProjectConfigurationPlatforms) = postSolution
		{39FB8812-F61F-4632-80D2-4F055BB46C03}.Debug|Any CPU.ActiveCfg = Debug|Any CPU
		{39FB8812-F61F-4632-80D2-4F055BB46C03}.Debug|Any CPU.Build.0 = Debug|Any CPU
		{39FB8812-F61F-4632-80D2-4F055BB46C03}.Release|Any CPU.ActiveCfg = Release|Any CPU
		{39FB8812-F61F-4632-80D2-4F055BB46C03}.Release|Any CPU.Build.0 = Release|Any CPU
	EndGlobalSection
	GlobalSection(SolutionProperties) = preSolution
		HideSolutionNode = FALSE
	EndGlobalSection
	GlobalSection(ExtensibilityGlobals) = postSolution
		SolutionGuid = {587D5D18-9388-4663-8CD9-70748F5E2F2C}
	EndGlobalSection
EndGlobal
